{
  "object": {
    "pins": [
      {
        "package": "Socket",
        "repositoryURL": "https://github.com/IBM-Swift/BlueSocket.git",
        "state": {
          "branch": null,
          "revision": "c9894fd117457f1d006575fbfb2fdfd6f79eac03",
          "version": "1.0.200"
        }
      },
      {
        "package": "Flynn",
        "repositoryURL": "https://github.com/KittyMac/Flynn.git",
        "state": {
          "branch": "master",
          "revision": "c82268fa14a52956868493c52d7323bdfb955382",
          "version": null
        }
      },
      {
        "package": "Ipecac",
        "repositoryURL": "https://github.com/KittyMac/Ipecac.git",
        "state": {
          "branch": "master",
          "revision": "d32093cffcd1c23ace9e6d65f93ae817b1bb0d45",
          "version": null
        }
      },
      {
        "package": "Picaroon",
        "repositoryURL": "https://github.com/KittyMac/Picaroon.git",
        "state": {
          "branch": "master",
          "revision": "59022c90d85b90a1912e384ee64abb120c92f68b",
          "version": null
        }
      },
      {
        "package": "swift-argument-parser",
        "repositoryURL": "https://github.com/apple/swift-argument-parser",
        "state": {
          "branch": null,
          "revision": "92646c0cdbaca076c8d3d0207891785b3379cbff",
          "version": "0.3.1"
        }
      }
    ]
  },
  "version": 1
}
